
Microsoft Visual Studio Solution File, Format Version 12.00
# Visual Studio Version 16
VisualStudioVersion = 16.0.31005.135
MinimumVisualStudioVersion = 10.0.40219.1
Project("{9A19103F-16F7-4668-BE54-9A1E7A4F7556}") = "Task4", "Task4\Task4.csproj", "{FBDAEB63-D92D-4270-9924-0ED4E3492218}"
EndProject
Project("{FAE04EC0-301F-11D3-BF4B-00C04F79EFBC}") = "TestTask4", "TestTask4\TestTask4.csproj", "{7A2299B1-71BF-40F7-8D8F-5C3635A3BBFE}"
EndProject
Global
	GlobalSection(SolutionConfigurationPlatforms) = preSolution
		Debug|Any CPU = Debug|Any CPU
		Release|Any CPU = Release|Any CPU
	EndGlobalSection
	GlobalSection(ProjectConfigurationPlatforms) = postSolution
		{FBDAEB63-D92D-4270-9924-0ED4E3492218}.Debug|Any CPU.ActiveCfg = Debug|Any CPU
		{FBDAEB63-D92D-4270-9924-0ED4E3492218}.Debug|Any CPU.Build.0 = Debug|Any CPU
		{FBDAEB63-D92D-4270-9924-0ED4E3492218}.Release|Any CPU.ActiveCfg = Release|Any CPU
		{FBDAEB63-D92D-4270-9924-0ED4E3492218}.Release|Any CPU.Build.0 = Release|Any CPU
		{7A2299B1-71BF-40F7-8D8F-5C3635A3BBFE}.Debug|Any CPU.ActiveCfg = Debug|Any CPU
		{7A2299B1-71BF-40F7-8D8F-5C3635A3BBFE}.Debug|Any CPU.Build.0 = Debug|Any CPU
		{7A2299B1-71BF-40F7-8D8F-5C3635A3BBFE}.Release|Any CPU.ActiveCfg = Release|Any CPU
		{7A2299B1-71BF-40F7-8D8F-5C3635A3BBFE}.Release|Any CPU.Build.0 = Release|Any CPU
	EndGlobalSection
	GlobalSection(SolutionProperties) = preSolution
		HideSolutionNode = FALSE
	EndGlobalSection
	GlobalSection(ExtensibilityGlobals) = postSolution
		SolutionGuid = {06876216-5D57-47D3-9437-8B72AB2851CA}
	EndGlobalSection
EndGlobal
